{
  "name": "sentry",
  "version": "0.0.3",
  "lockfileVersion": 1,
  "requires": true,
  "dependencies": {
    "@sentry/browser": {
      "version": "6.0.2",
      "resolved": "https://registry.npmjs.org/@sentry/browser/-/browser-6.0.2.tgz",
      "integrity": "sha512-Vkww+P7qYhhYp4+elYQ2UjbDNFzOLC0tWaegjA6ohXHewiCWio5byySLxPAwj2gfLIXwIuf5Ud21njZHg7FSIQ==",
      "requires": {
        "@sentry/core": "6.0.2",
        "@sentry/types": "6.0.2",
        "@sentry/utils": "6.0.2",
        "tslib": "^1.9.3"
      }
    },
    "@sentry/core": {
      "version": "6.0.2",
      "resolved": "https://registry.npmjs.org/@sentry/core/-/core-6.0.2.tgz",
      "integrity": "sha512-7v9tiHRYxDT1WxVNQJc+K4s9T2m++0I+ERrTx4fx5vRzTZrtS9nDjpbiLGonGZaV6Lv2houZUp4uLVNU3vtOQw==",
      "requires": {
        "@sentry/hub": "6.0.2",
        "@sentry/minimal": "6.0.2",
        "@sentry/types": "6.0.2",
        "@sentry/utils": "6.0.2",
        "tslib": "^1.9.3"
      }
    },
    "@sentry/hub": {
      "version": "6.0.2",
      "resolved": "https://registry.npmjs.org/@sentry/hub/-/hub-6.0.2.tgz",
      "integrity": "sha512-/rByl+ak5Ni6xTSfzIcJqKaaErJbDw0kXgNlHGPRQ4bM5hjDDuKbdykMk4J6BfPWt2dfwe13P25bIjz9M3a7kw==",
      "requires": {
        "@sentry/types": "6.0.2",
        "@sentry/utils": "6.0.2",
        "tslib": "^1.9.3"
      }
    },
    "@sentry/minimal": {
      "version": "6.0.2",
      "resolved": "https://registry.npmjs.org/@sentry/minimal/-/minimal-6.0.2.tgz",
      "integrity": "sha512-wrSTTIvDsRCXbNcfha/fjkP7Mj1xzNHzGeBRMRlNg3T+nYZSrs5SihVTXT/gcABhO5PpWu8EXbMpv0bAahaEGw==",
      "requires": {
        "@sentry/hub": "6.0.2",
        "@sentry/types": "6.0.2",
        "tslib": "^1.9.3"
      }
    },
    "@sentry/tracing": {
      "version": "6.0.2",
      "resolved": "https://registry.npmjs.org/@sentry/tracing/-/tracing-6.0.2.tgz",
      "integrity": "sha512-e8u1pRcpJIoQY8mO9J1Yk0RPi/eEejQqagP888PHbmx2E9Tk7eiTW7TfHha2ECagOfMiCmKbcUUULmVeF1C58Q==",
      "requires": {
        "@sentry/hub": "6.0.2",
        "@sentry/minimal": "6.0.2",
        "@sentry/types": "6.0.2",
        "@sentry/utils": "6.0.2",
        "tslib": "^1.9.3"
      }
    },
    "@sentry/types": {
      "version": "6.0.2",
      "resolved": "https://registry.npmjs.org/@sentry/types/-/types-6.0.2.tgz",
      "integrity": "sha512-aDUJuOe0MsqjDzx6dUTS6xXe+gNjYuZTHUuUB7EpihzoHGre7gUN3/WCCghiR4OJ703fxyl24cex6vDboZJLvg=="
    },
    "@sentry/utils": {
      "version": "6.0.2",
      "resolved": "https://registry.npmjs.org/@sentry/utils/-/utils-6.0.2.tgz",
      "integrity": "sha512-X2hAFMkfht4GzdtqrjuVJfK07af5r6h2BfYJGSS/XYa8KBVlDGAtvffP9uYuNWUoLxr+Vrc+ePrPoi4xCREcDQ==",
      "requires": {
        "@sentry/types": "6.0.2",
        "tslib": "^1.9.3"
      }
    },
    "ramda": {
      "version": "0.27.1",
      "resolved": "https://registry.npmjs.org/ramda/-/ramda-0.27.1.tgz",
      "integrity": "sha512-PgIdVpn5y5Yns8vqb8FzBUEYn98V3xcPgawAkkgj0YJ0qDsnHCiNmZYfOGMgOvoB0eWFLpYbhxUR3mxfDIMvpw=="
    },
    "tslib": {
      "version": "1.14.1",
      "resolved": "https://registry.npmjs.org/tslib/-/tslib-1.14.1.tgz",
      "integrity": "sha512-Xni35NKzjgMrwevysHTCArtLDpPvye8zV/0E4EyYn43P7/7qvQwPh9BGkHewbMulVntbigmcT7rdX3BNo9wRJg=="
    }
  }
}
