{
  "name": "sentry",
  "version": "0.0.2",
  "lockfileVersion": 1,
  "requires": true,
  "dependencies": {
    "@sentry/browser": {
      "version": "6.0.1",
      "resolved": "https://registry.npmjs.org/@sentry/browser/-/browser-6.0.1.tgz",
      "integrity": "sha512-iP8Bqxj4Ye8CXA4ja77buPZfXsKiZYUgHFzBQxVMihTHA8ZZLgBMPLQI6uFfHuJJW+1/yLzOf8BhvF2zknAebg==",
      "requires": {
        "@sentry/core": "6.0.1",
        "@sentry/types": "6.0.1",
        "@sentry/utils": "6.0.1",
        "tslib": "^1.9.3"
      }
    },
    "@sentry/core": {
      "version": "6.0.1",
      "resolved": "https://registry.npmjs.org/@sentry/core/-/core-6.0.1.tgz",
      "integrity": "sha512-EoxgodyClasI8PA4GyU8Cp88W3R5ebpiLsE7fCcBcOU0DOBRkO8GAZ5IzfCDtYDJ50c9npivum5Oyj2wf8CXYw==",
      "requires": {
        "@sentry/hub": "6.0.1",
        "@sentry/minimal": "6.0.1",
        "@sentry/types": "6.0.1",
        "@sentry/utils": "6.0.1",
        "tslib": "^1.9.3"
      }
    },
    "@sentry/hub": {
      "version": "6.0.1",
      "resolved": "https://registry.npmjs.org/@sentry/hub/-/hub-6.0.1.tgz",
      "integrity": "sha512-pGckNdhKcr7qYVXgSgA/QVGArATcmQu54YFAR5xTnkWVHpAwNmh0fc4CJCc4JBwS/LXSU1Y0nYiLQduVfnv8Cg==",
      "requires": {
        "@sentry/types": "6.0.1",
        "@sentry/utils": "6.0.1",
        "tslib": "^1.9.3"
      }
    },
    "@sentry/minimal": {
      "version": "6.0.1",
      "resolved": "https://registry.npmjs.org/@sentry/minimal/-/minimal-6.0.1.tgz",
      "integrity": "sha512-TQ/M5A+OsxtQJ8dzHwrclxKXpJNdQeM1PUoYhff4BvsOXJScvZb7+Yn0OUEQXEc9pSMNt62tnQy4ct80iAMTHw==",
      "requires": {
        "@sentry/hub": "6.0.1",
        "@sentry/types": "6.0.1",
        "tslib": "^1.9.3"
      }
    },
    "@sentry/tracing": {
      "version": "6.0.1",
      "resolved": "https://registry.npmjs.org/@sentry/tracing/-/tracing-6.0.1.tgz",
      "integrity": "sha512-p4laeCu7isrvXiCgM/ix4GU5lckoL2Mw2OI3l93lRYL7fKU8XJs+/2Cybs0J+QY1HP5OTrNIF+VpnJZbpM6MQg==",
      "requires": {
        "@sentry/hub": "6.0.1",
        "@sentry/minimal": "6.0.1",
        "@sentry/types": "6.0.1",
        "@sentry/utils": "6.0.1",
        "tslib": "^1.9.3"
      }
    },
    "@sentry/types": {
      "version": "6.0.1",
      "resolved": "https://registry.npmjs.org/@sentry/types/-/types-6.0.1.tgz",
      "integrity": "sha512-cEoe19vtam75Tf6eWmaobfbeV8XwBdr5FJoSVTomzcSsEiP2FHGOEhlE7kVBigzeH5Lri0aibiW6BDi1hIqHdg=="
    },
    "@sentry/utils": {
      "version": "6.0.1",
      "resolved": "https://registry.npmjs.org/@sentry/utils/-/utils-6.0.1.tgz",
      "integrity": "sha512-bjGuBYnG6fulZ8mLhPGBxttNu96DCN6d7Glw2sfLf4aurn1kjJ/58hP2c8dH0OqWO5e+rGYTsZ5Dr5kqVKNGTg==",
      "requires": {
        "@sentry/types": "6.0.1",
        "tslib": "^1.9.3"
      }
    },
    "ramda": {
      "version": "0.27.1",
      "resolved": "https://registry.npmjs.org/ramda/-/ramda-0.27.1.tgz",
      "integrity": "sha512-PgIdVpn5y5Yns8vqb8FzBUEYn98V3xcPgawAkkgj0YJ0qDsnHCiNmZYfOGMgOvoB0eWFLpYbhxUR3mxfDIMvpw=="
    },
    "tslib": {
      "version": "1.14.1",
      "resolved": "https://registry.npmjs.org/tslib/-/tslib-1.14.1.tgz",
      "integrity": "sha512-Xni35NKzjgMrwevysHTCArtLDpPvye8zV/0E4EyYn43P7/7qvQwPh9BGkHewbMulVntbigmcT7rdX3BNo9wRJg=="
    }
  }
}
