{
  "name": "sentry",
  "version": "0.0.1",
  "lockfileVersion": 1,
  "requires": true,
  "dependencies": {
    "@sentry/browser": {
      "version": "6.0.0",
      "resolved": "https://registry.npmjs.org/@sentry/browser/-/browser-6.0.0.tgz",
      "integrity": "sha512-R4+MHb5FyVZCz3EVnaquvT1mwOM2MWP4gBqjYEADY5m0XWoHiJf0skFkWt8iEKJanzGbhl4PMb9gHuJj6YfVLw==",
      "requires": {
        "@sentry/core": "6.0.0",
        "@sentry/types": "6.0.0",
        "@sentry/utils": "6.0.0",
        "tslib": "^1.9.3"
      }
    },
    "@sentry/core": {
      "version": "6.0.0",
      "resolved": "https://registry.npmjs.org/@sentry/core/-/core-6.0.0.tgz",
      "integrity": "sha512-afAiOachs/WfGWc9LsJBFnJMhqQVENyzfSMnf7sLRvxPAw8n7IrXY0R09MKmG0SlAnTKN2pWoQFzFF+J3NuHBA==",
      "requires": {
        "@sentry/hub": "6.0.0",
        "@sentry/minimal": "6.0.0",
        "@sentry/types": "6.0.0",
        "@sentry/utils": "6.0.0",
        "tslib": "^1.9.3"
      }
    },
    "@sentry/hub": {
      "version": "6.0.0",
      "resolved": "https://registry.npmjs.org/@sentry/hub/-/hub-6.0.0.tgz",
      "integrity": "sha512-s8IsW6LvEH7ACnniQcxxb/9uEyjmoQ/TAoryTJN2qyPzzrHTw8NCyMuJvK+8ivUvRViz5AvtuOFf8AJlh9lzeA==",
      "requires": {
        "@sentry/types": "6.0.0",
        "@sentry/utils": "6.0.0",
        "tslib": "^1.9.3"
      }
    },
    "@sentry/minimal": {
      "version": "6.0.0",
      "resolved": "https://registry.npmjs.org/@sentry/minimal/-/minimal-6.0.0.tgz",
      "integrity": "sha512-daYdEzTr+ERMwViu6RpWHOfk0oZrSNqdx+7bejTqmFHqO4pt+9ZrMiw3vinL+MWQcKXwD95uXBz6O/ryrVdPtg==",
      "requires": {
        "@sentry/hub": "6.0.0",
        "@sentry/types": "6.0.0",
        "tslib": "^1.9.3"
      }
    },
    "@sentry/tracing": {
      "version": "6.0.0",
      "resolved": "https://registry.npmjs.org/@sentry/tracing/-/tracing-6.0.0.tgz",
      "integrity": "sha512-7Qes5godGCuvcEBxynFuRT5iiFR5aOfBdvdPmWnx29XbZKQvhjvBsDtdoVSQUmv/nCLtpH6UWeLwddFvXh3A2w==",
      "requires": {
        "@sentry/hub": "6.0.0",
        "@sentry/minimal": "6.0.0",
        "@sentry/types": "6.0.0",
        "@sentry/utils": "6.0.0",
        "tslib": "^1.9.3"
      }
    },
    "@sentry/types": {
      "version": "6.0.0",
      "resolved": "https://registry.npmjs.org/@sentry/types/-/types-6.0.0.tgz",
      "integrity": "sha512-yueRSRGPCahuju/UMdtOt8LIIncbpwLINQd9Q8E4OXtoPpMHR6Oun8sMKCPd+Wq3piI5yRDzKkGCl+sH7mHVrA=="
    },
    "@sentry/utils": {
      "version": "6.0.0",
      "resolved": "https://registry.npmjs.org/@sentry/utils/-/utils-6.0.0.tgz",
      "integrity": "sha512-dMMWOT69bQ4CF1R33dOnXIOyiHRWsUAON3nFVljV1JNNTDA69YwaF9f5FIT0DKpO4qhgTlElsm8WgHI9prAVEQ==",
      "requires": {
        "@sentry/types": "6.0.0",
        "tslib": "^1.9.3"
      }
    },
    "tslib": {
      "version": "1.14.1",
      "resolved": "https://registry.npmjs.org/tslib/-/tslib-1.14.1.tgz",
      "integrity": "sha512-Xni35NKzjgMrwevysHTCArtLDpPvye8zV/0E4EyYn43P7/7qvQwPh9BGkHewbMulVntbigmcT7rdX3BNo9wRJg=="
    }
  }
}
