# THIS IS AN AUTOGENERATED FILE. DO NOT EDIT THIS FILE DIRECTLY.
# yarn lockfile v1


"@sentry/browser@^7.13.0":
  version "7.13.0"
  resolved "https://registry.yarnpkg.com/@sentry/browser/-/browser-7.13.0.tgz#883b8598c8a0c33af246242e7172e39306dc564a"
  integrity sha512-WbgClHPYe8TKsdVVbuzd6alxwh3maFQNuljMkSTnYvPx2P+NT0wHljTs37D39FGfSmAwaqn7D/1ZHAtC+6mWxA==
  dependencies:
    "@sentry/core" "7.13.0"
    "@sentry/types" "7.13.0"
    "@sentry/utils" "7.13.0"
    tslib "^1.9.3"

"@sentry/core@7.13.0":
  version "7.13.0"
  resolved "https://registry.yarnpkg.com/@sentry/core/-/core-7.13.0.tgz#65597d71f8bfa1186f34009803e03ca9edb3adee"
  integrity sha512-hB46fklmKrSDMEvZOF8qBHhys7PONBFyxQtbNDZUlv/kabs4gF3VEg1ftCaXnjx4lLNlsUl/ScFdM6194RvISg==
  dependencies:
    "@sentry/hub" "7.13.0"
    "@sentry/types" "7.13.0"
    "@sentry/utils" "7.13.0"
    tslib "^1.9.3"

"@sentry/hub@7.13.0":
  version "7.13.0"
  resolved "https://registry.yarnpkg.com/@sentry/hub/-/hub-7.13.0.tgz#752068e528cfb277ed154bc94e311cad50ef792e"
  integrity sha512-88/GsD1BoyrBwRKJCmVHZtSH5rizOsImUHWEXc1AOa1aR8nanfn56JdAbd6tC55pA+nT4R4H4vN/PrUaomTbtg==
  dependencies:
    "@sentry/types" "7.13.0"
    "@sentry/utils" "7.13.0"
    tslib "^1.9.3"

"@sentry/tracing@^7.13.0":
  version "7.13.0"
  resolved "https://registry.yarnpkg.com/@sentry/tracing/-/tracing-7.13.0.tgz#521dc021dab78e37e29b0f90b01cb444337adfc4"
  integrity sha512-/MKSd25rGv6Pc0FPBLXJifkfvSaYVPA8XUOLzVeDN0gl07h8AXli4qG9amTh/4Wb5h4dFpbcscOvW2VC+pxkIA==
  dependencies:
    "@sentry/hub" "7.13.0"
    "@sentry/types" "7.13.0"
    "@sentry/utils" "7.13.0"
    tslib "^1.9.3"

"@sentry/types@7.13.0":
  version "7.13.0"
  resolved "https://registry.yarnpkg.com/@sentry/types/-/types-7.13.0.tgz#398e33e5c92ea0ce91e2c86e3ab003fe00c471a2"
  integrity sha512-ttckM1XaeyHRLMdr79wmGA5PFbTGx2jio9DCD/mkEpSfk6OGfqfC7gpwy7BNstDH/VKyQj/lDCJPnwvWqARMoQ==

"@sentry/utils@7.13.0":
  version "7.13.0"
  resolved "https://registry.yarnpkg.com/@sentry/utils/-/utils-7.13.0.tgz#0d47a9278806ece78ba3a83c7dbebce817462759"
  integrity sha512-jnR85LgRLSk7IQe2OhKOPMY4fasJCNQNW0iCXsH+S2R1qnsF+N4ksNkQ+7JyyM9E7F03YpI2qd76bKY0VIn5iA==
  dependencies:
    "@sentry/types" "7.13.0"
    tslib "^1.9.3"

ramda@^0.28.0:
  version "0.28.0"
  resolved "https://registry.yarnpkg.com/ramda/-/ramda-0.28.0.tgz#acd785690100337e8b063cab3470019be427cc97"
  integrity sha512-9QnLuG/kPVgWvMQ4aODhsBUFKOUmnbUnsSXACv+NCQZcHbeb+v8Lodp8OVxtRULN1/xOyYLLaL6npE6dMq5QTA==

tslib@^1.9.3:
  version "1.14.1"
  resolved "https://registry.yarnpkg.com/tslib/-/tslib-1.14.1.tgz#cf2d38bdc34a134bcaf1091c41f6619e2f672d00"
  integrity sha512-Xni35NKzjgMrwevysHTCArtLDpPvye8zV/0E4EyYn43P7/7qvQwPh9BGkHewbMulVntbigmcT7rdX3BNo9wRJg==
